# This file is automatically @generated by Cargo.
# It is not intended for manual editing.
version = 3

[[package]]
name = "dw_apb_i2c"
version = "0.1.0"
dependencies = [
 "i2c_common",
 "log",
 "tock-registers",
]

[[package]]
name = "i2c_common"
version = "0.1.0"
dependencies = [
 "log",
 "tock-registers",
]

[[package]]
name = "i2c_dw_plat"
version = "0.1.0"
dependencies = [
 "dw_apb_i2c",
]

[[package]]
name = "log"
version = "0.4.21"
source = "registry+https://github.com/rust-lang/crates.io-index"
checksum = "90ed8c1e510134f979dbc4f070f87d4313098b704861a105fe34231c70a3901c"

[[package]]
name = "tock-registers"
version = "0.8.1"
source = "registry+https://github.com/rust-lang/crates.io-index"
checksum = "696941a0aee7e276a165a978b37918fd5d22c55c3d6bda197813070ca9c0f21c"
